[root]
name = "rainmeter-rust"
version = "0.0.1"
dependencies = [
 "rust-ini 0.4.2 (git+https://github.com/zonyitoo/rust-ini)",
 "time 0.1.7 (registry+https://github.com/rust-lang/crates.io-index)",
]

[[package]]
name = "gcc"
version = "0.1.3"
source = "registry+https://github.com/rust-lang/crates.io-index"

[[package]]
name = "rust-ini"
version = "0.4.2"
source = "git+https://github.com/zonyitoo/rust-ini#d34b982c4cc2a9b4e6a3e7595028dcd12cb311f7"

[[package]]
name = "time"
version = "0.1.7"
source = "registry+https://github.com/rust-lang/crates.io-index"
dependencies = [
 "gcc 0.1.3 (registry+https://github.com/rust-lang/crates.io-index)",
]

